
Microsoft Visual Studio Solution File, Format Version 12.00
# Visual Studio Version 16
VisualStudioVersion = 16.0.29519.87
MinimumVisualStudioVersion = 10.0.40219.1
Project("{FAE04EC0-301F-11D3-BF4B-00C04F79EFBC}") = "homeWorkLesson9_1", "homeWorkLesson9_1\homeWorkLesson9_1.csproj", "{4A599258-A955-425A-8754-563F0CFEED21}"
EndProject
Project("{FAE04EC0-301F-11D3-BF4B-00C04F79EFBC}") = "homeWorkLesson9_2", "homeWorkLesson9_2\homeWorkLesson9_2.csproj", "{3B875980-8D22-4BDE-B9D5-F35CE3D44A91}"
EndProject
Project("{FAE04EC0-301F-11D3-BF4B-00C04F79EFBC}") = "homeWorkLesson9_3", "homeWorkLesson9_3\homeWorkLesson9_3.csproj", "{BB83824D-5002-44F0-84F9-BD7F20175025}"
EndProject
Project("{FAE04EC0-301F-11D3-BF4B-00C04F79EFBC}") = "homeWorkLesson9_4", "homeWorkLesson9_4\homeWorkLesson9_4.csproj", "{A56ACA11-FF5F-4C22-B1E0-A094C17EEC47}"
EndProject
Global
	GlobalSection(SolutionConfigurationPlatforms) = preSolution
		Debug|Any CPU = Debug|Any CPU
		Release|Any CPU = Release|Any CPU
	EndGlobalSection
	GlobalSection(ProjectConfigurationPlatforms) = postSolution
		{4A599258-A955-425A-8754-563F0CFEED21}.Debug|Any CPU.ActiveCfg = Debug|Any CPU
		{4A599258-A955-425A-8754-563F0CFEED21}.Debug|Any CPU.Build.0 = Debug|Any CPU
		{4A599258-A955-425A-8754-563F0CFEED21}.Release|Any CPU.ActiveCfg = Release|Any CPU
		{4A599258-A955-425A-8754-563F0CFEED21}.Release|Any CPU.Build.0 = Release|Any CPU
		{3B875980-8D22-4BDE-B9D5-F35CE3D44A91}.Debug|Any CPU.ActiveCfg = Debug|Any CPU
		{3B875980-8D22-4BDE-B9D5-F35CE3D44A91}.Debug|Any CPU.Build.0 = Debug|Any CPU
		{3B875980-8D22-4BDE-B9D5-F35CE3D44A91}.Release|Any CPU.ActiveCfg = Release|Any CPU
		{3B875980-8D22-4BDE-B9D5-F35CE3D44A91}.Release|Any CPU.Build.0 = Release|Any CPU
		{BB83824D-5002-44F0-84F9-BD7F20175025}.Debug|Any CPU.ActiveCfg = Debug|Any CPU
		{BB83824D-5002-44F0-84F9-BD7F20175025}.Debug|Any CPU.Build.0 = Debug|Any CPU
		{BB83824D-5002-44F0-84F9-BD7F20175025}.Release|Any CPU.ActiveCfg = Release|Any CPU
		{BB83824D-5002-44F0-84F9-BD7F20175025}.Release|Any CPU.Build.0 = Release|Any CPU
		{A56ACA11-FF5F-4C22-B1E0-A094C17EEC47}.Debug|Any CPU.ActiveCfg = Debug|Any CPU
		{A56ACA11-FF5F-4C22-B1E0-A094C17EEC47}.Debug|Any CPU.Build.0 = Debug|Any CPU
		{A56ACA11-FF5F-4C22-B1E0-A094C17EEC47}.Release|Any CPU.ActiveCfg = Release|Any CPU
		{A56ACA11-FF5F-4C22-B1E0-A094C17EEC47}.Release|Any CPU.Build.0 = Release|Any CPU
	EndGlobalSection
	GlobalSection(SolutionProperties) = preSolution
		HideSolutionNode = FALSE
	EndGlobalSection
	GlobalSection(ExtensibilityGlobals) = postSolution
		SolutionGuid = {3266A4B6-92E4-430F-BBDA-AECC88E1D210}
	EndGlobalSection
EndGlobal
